
Microsoft Visual Studio Solution File, Format Version 12.00
# Visual Studio Version 16
VisualStudioVersion = 16.0.28922.388
MinimumVisualStudioVersion = 10.0.40219.1
Project("{2150E333-8FDC-42A3-9474-1A3956D46DE8}") = "Database", "Database", "{CEA41836-8F98-499C-A6FE-D596EE70B512}"
EndProject
Project("{2150E333-8FDC-42A3-9474-1A3956D46DE8}") = "Library", "Library", "{C7E0CD2E-AEA2-40BE-8552-D18B4F8E0B3C}"
EndProject
Project("{2150E333-8FDC-42A3-9474-1A3956D46DE8}") = "Manager", "Manager", "{0C21E9B8-CD97-49DA-87E1-428B0CF432CD}"
EndProject
Project("{2150E333-8FDC-42A3-9474-1A3956D46DE8}") = "Web", "Web", "{5D2BF526-DEF3-405F-BCC5-AA6AAAA5390B}"
EndProject
Project("{9A19103F-16F7-4668-BE54-9A1E7A4F7556}") = "XinRevolution.Database", "XinRevolution.Database\XinRevolution.Database.csproj", "{C95DBC38-88C1-4026-A7F9-594EBFD81ADD}"
EndProject
Project("{9A19103F-16F7-4668-BE54-9A1E7A4F7556}") = "XinRevolution.Manager", "XinRevolution.Manager\XinRevolution.Manager.csproj", "{93EE6B0B-3E2A-4483-A5EE-001450236B56}"
EndProject
Project("{9A19103F-16F7-4668-BE54-9A1E7A4F7556}") = "XinRevolution.Repository", "XinRevolution.Repository\XinRevolution.Repository.csproj", "{43F245BB-A273-4EA5-A4D9-D45E67E81E16}"
EndProject
Project("{9A19103F-16F7-4668-BE54-9A1E7A4F7556}") = "XinRevolution.CloudService", "XinRevolution.CloudService\XinRevolution.CloudService.csproj", "{2BEECFFB-D811-4779-B1E2-E6C626FBE59A}"
EndProject
Project("{2150E333-8FDC-42A3-9474-1A3956D46DE8}") = "Function", "Function", "{D092AB44-36C2-4776-843D-419DFC6DEC82}"
EndProject
Project("{9A19103F-16F7-4668-BE54-9A1E7A4F7556}") = "XinRevolution.Extension", "XinRevolution.Extension\XinRevolution.Extension.csproj", "{715040E9-40BC-45FD-B065-8E58661F1703}"
EndProject
Project("{FAE04EC0-301F-11D3-BF4B-00C04F79EFBC}") = "XinRevolution.Web", "XinRevolution.Web\XinRevolution.Web.csproj", "{FD585257-8864-42DF-B568-7A01DBC9F6CC}"
EndProject
Global
	GlobalSection(SolutionConfigurationPlatforms) = preSolution
		Debug|Any CPU = Debug|Any CPU
		Release|Any CPU = Release|Any CPU
	EndGlobalSection
	GlobalSection(ProjectConfigurationPlatforms) = postSolution
		{C95DBC38-88C1-4026-A7F9-594EBFD81ADD}.Debug|Any CPU.ActiveCfg = Debug|Any CPU
		{C95DBC38-88C1-4026-A7F9-594EBFD81ADD}.Debug|Any CPU.Build.0 = Debug|Any CPU
		{C95DBC38-88C1-4026-A7F9-594EBFD81ADD}.Release|Any CPU.ActiveCfg = Release|Any CPU
		{C95DBC38-88C1-4026-A7F9-594EBFD81ADD}.Release|Any CPU.Build.0 = Release|Any CPU
		{93EE6B0B-3E2A-4483-A5EE-001450236B56}.Debug|Any CPU.ActiveCfg = Debug|Any CPU
		{93EE6B0B-3E2A-4483-A5EE-001450236B56}.Debug|Any CPU.Build.0 = Debug|Any CPU
		{93EE6B0B-3E2A-4483-A5EE-001450236B56}.Release|Any CPU.ActiveCfg = Release|Any CPU
		{93EE6B0B-3E2A-4483-A5EE-001450236B56}.Release|Any CPU.Build.0 = Release|Any CPU
		{43F245BB-A273-4EA5-A4D9-D45E67E81E16}.Debug|Any CPU.ActiveCfg = Debug|Any CPU
		{43F245BB-A273-4EA5-A4D9-D45E67E81E16}.Debug|Any CPU.Build.0 = Debug|Any CPU
		{43F245BB-A273-4EA5-A4D9-D45E67E81E16}.Release|Any CPU.ActiveCfg = Release|Any CPU
		{43F245BB-A273-4EA5-A4D9-D45E67E81E16}.Release|Any CPU.Build.0 = Release|Any CPU
		{2BEECFFB-D811-4779-B1E2-E6C626FBE59A}.Debug|Any CPU.ActiveCfg = Debug|Any CPU
		{2BEECFFB-D811-4779-B1E2-E6C626FBE59A}.Debug|Any CPU.Build.0 = Debug|Any CPU
		{2BEECFFB-D811-4779-B1E2-E6C626FBE59A}.Release|Any CPU.ActiveCfg = Release|Any CPU
		{2BEECFFB-D811-4779-B1E2-E6C626FBE59A}.Release|Any CPU.Build.0 = Release|Any CPU
		{715040E9-40BC-45FD-B065-8E58661F1703}.Debug|Any CPU.ActiveCfg = Debug|Any CPU
		{715040E9-40BC-45FD-B065-8E58661F1703}.Debug|Any CPU.Build.0 = Debug|Any CPU
		{715040E9-40BC-45FD-B065-8E58661F1703}.Release|Any CPU.ActiveCfg = Release|Any CPU
		{715040E9-40BC-45FD-B065-8E58661F1703}.Release|Any CPU.Build.0 = Release|Any CPU
		{FD585257-8864-42DF-B568-7A01DBC9F6CC}.Debug|Any CPU.ActiveCfg = Debug|Any CPU
		{FD585257-8864-42DF-B568-7A01DBC9F6CC}.Debug|Any CPU.Build.0 = Debug|Any CPU
		{FD585257-8864-42DF-B568-7A01DBC9F6CC}.Release|Any CPU.ActiveCfg = Release|Any CPU
		{FD585257-8864-42DF-B568-7A01DBC9F6CC}.Release|Any CPU.Build.0 = Release|Any CPU
	EndGlobalSection
	GlobalSection(SolutionProperties) = preSolution
		HideSolutionNode = FALSE
	EndGlobalSection
	GlobalSection(NestedProjects) = preSolution
		{C95DBC38-88C1-4026-A7F9-594EBFD81ADD} = {CEA41836-8F98-499C-A6FE-D596EE70B512}
		{93EE6B0B-3E2A-4483-A5EE-001450236B56} = {0C21E9B8-CD97-49DA-87E1-428B0CF432CD}
		{43F245BB-A273-4EA5-A4D9-D45E67E81E16} = {C7E0CD2E-AEA2-40BE-8552-D18B4F8E0B3C}
		{2BEECFFB-D811-4779-B1E2-E6C626FBE59A} = {C7E0CD2E-AEA2-40BE-8552-D18B4F8E0B3C}
		{715040E9-40BC-45FD-B065-8E58661F1703} = {C7E0CD2E-AEA2-40BE-8552-D18B4F8E0B3C}
		{FD585257-8864-42DF-B568-7A01DBC9F6CC} = {5D2BF526-DEF3-405F-BCC5-AA6AAAA5390B}
	EndGlobalSection
	GlobalSection(ExtensibilityGlobals) = postSolution
		SolutionGuid = {C078E5F5-CC46-4E05-9361-53D62AD20B18}
	EndGlobalSection
EndGlobal
